
Microsoft Visual Studio Solution File, Format Version 12.00
# Visual Studio Version 17
VisualStudioVersion = 17.5.002.0
MinimumVisualStudioVersion = 10.0.40219.1
Project("{9A19103F-16F7-4668-BE54-9A1E7A4F7556}") = "PoligonCalculator", "PoligonCalculator.csproj", "{EB060BAD-A9F5-4C50-B76E-3492A4C73A00}"
EndProject
Global
	GlobalSection(SolutionConfigurationPlatforms) = preSolution
		Debug|Any CPU = Debug|Any CPU
		Release|Any CPU = Release|Any CPU
	EndGlobalSection
	GlobalSection(ProjectConfigurationPlatforms) = postSolution
		{EB060BAD-A9F5-4C50-B76E-3492A4C73A00}.Debug|Any CPU.ActiveCfg = Debug|Any CPU
		{EB060BAD-A9F5-4C50-B76E-3492A4C73A00}.Debug|Any CPU.Build.0 = Debug|Any CPU
		{EB060BAD-A9F5-4C50-B76E-3492A4C73A00}.Release|Any CPU.ActiveCfg = Release|Any CPU
		{EB060BAD-A9F5-4C50-B76E-3492A4C73A00}.Release|Any CPU.Build.0 = Release|Any CPU
	EndGlobalSection
	GlobalSection(SolutionProperties) = preSolution
		HideSolutionNode = FALSE
	EndGlobalSection
	GlobalSection(ExtensibilityGlobals) = postSolution
		SolutionGuid = {BB083F55-4C28-4E9B-B127-9C5799CB71F7}
	EndGlobalSection
EndGlobal
